
Microsoft Visual Studio Solution File, Format Version 12.00
# Visual Studio Version 17
VisualStudioVersion = 17.10.35201.131
MinimumVisualStudioVersion = 10.0.40219.1
Project("{FAE04EC0-301F-11D3-BF4B-00C04F79EFBC}") = "BlazorMVC", "BlazorMVC.csproj", "{92D6CFFD-126B-49DE-9969-A9E9A59779DF}"
EndProject
Global
	GlobalSection(SolutionConfigurationPlatforms) = preSolution
		Debug|Any CPU = Debug|Any CPU
		Release|Any CPU = Release|Any CPU
	EndGlobalSection
	GlobalSection(ProjectConfigurationPlatforms) = postSolution
		{92D6CFFD-126B-49DE-9969-A9E9A59779DF}.Debug|Any CPU.ActiveCfg = Debug|Any CPU
		{92D6CFFD-126B-49DE-9969-A9E9A59779DF}.Debug|Any CPU.Build.0 = Debug|Any CPU
		{92D6CFFD-126B-49DE-9969-A9E9A59779DF}.Release|Any CPU.ActiveCfg = Release|Any CPU
		{92D6CFFD-126B-49DE-9969-A9E9A59779DF}.Release|Any CPU.Build.0 = Release|Any CPU
	EndGlobalSection
	GlobalSection(SolutionProperties) = preSolution
		HideSolutionNode = FALSE
	EndGlobalSection
	GlobalSection(ExtensibilityGlobals) = postSolution
		SolutionGuid = {B411DDE2-5ED6-43EE-9D2D-66E46BA06619}
	EndGlobalSection
EndGlobal
